{
  "name": "patrickdelliott",
  "version": "1.0.0",
  "lockfileVersion": 1,
  "requires": true,
  "dependencies": {
    "@ibm/plex": {
      "version": "1.2.0",
      "resolved": "https://registry.npmjs.org/@ibm/plex/-/plex-1.2.0.tgz",
      "integrity": "sha512-T2SXq/2mawnmia9K2y1KWu9iH7o+Eqn3UOCs+7jBbtsZO22JG0vz2Z0O6fJFkdGVEFTBHa57ZJKwvS1b4Zex7g=="
    },
    "gradients": {
      "version": "1.0.1",
      "resolved": "https://registry.npmjs.org/gradients/-/gradients-1.0.1.tgz",
      "integrity": "sha1-BUMN9qPOmTN9Tm7DtC7uK4povI4=",
      "dev": true
    },
    "tachyons-custom": {
      "version": "4.9.6",
      "resolved": "https://registry.npmjs.org/tachyons-custom/-/tachyons-custom-4.9.6.tgz",
      "integrity": "sha512-HsrN1C8GTj9Tr8Ki4XMZdd1ye2O8YLVUXNAJiga3DzcdY4pRuEMYcvjOk0wAGEdVgePPSAWAsE+CWNZzNagEJw=="
    },
    "tachyons-sass": {
      "version": "4.9.3",
      "resolved": "https://registry.npmjs.org/tachyons-sass/-/tachyons-sass-4.9.3.tgz",
      "integrity": "sha512-Cok8J0fGPx+v/12LizOma0tuRrd3EqIYqiUSTqkM/5HFy7sKmM1Gg3GU41XycWbrOGjNRc7S83cF+o4MhEInUQ==",
      "requires": {
        "tachyons-custom": "4.9.6"
      }
    }
  }
}
