{
  "name": "patrickdelliott",
  "version": "1.0.0",
  "lockfileVersion": 1,
  "requires": true,
  "dependencies": {
    "gradients": {
      "version": "1.0.1",
      "resolved": "https://registry.npmjs.org/gradients/-/gradients-1.0.1.tgz",
      "integrity": "sha1-BUMN9qPOmTN9Tm7DtC7uK4povI4=",
      "dev": true
    },
    "tachyons": {
      "version": "4.8.1",
      "resolved": "https://registry.npmjs.org/tachyons/-/tachyons-4.8.1.tgz",
      "integrity": "sha512-sh/LFb9MoPt76sBKUSHP1MlMVRBw6zDiv11Ag/t5M4wS1mxQhFnNkDzhGdH6/xIwPO5tqwlNnXfiTI5XwDCJzA=="
    }
  }
}
